
Microsoft Visual Studio Solution File, Format Version 12.00
# Visual Studio for Mac
Project("{FAE04EC0-301F-11D3-BF4B-00C04F79EFBC}") = "Assembly-CSharp", "Assembly-CSharp.csproj", "{5DFD3752-6D60-905C-1763-48E8D27C78C1}"
EndProject
Project("{FAE04EC0-301F-11D3-BF4B-00C04F79EFBC}") = "Assembly-CSharp-Editor", "Assembly-CSharp-Editor.csproj", "{D1F0EC7A-B2BE-3467-2140-B7072416C9C9}"
EndProject
Global
	GlobalSection(SolutionConfigurationPlatforms) = preSolution
		Debug|Any CPU = Debug|Any CPU
		Release|Any CPU = Release|Any CPU
	EndGlobalSection
	GlobalSection(ProjectConfigurationPlatforms) = postSolution
		{5DFD3752-6D60-905C-1763-48E8D27C78C1}.Debug|Any CPU.ActiveCfg = Debug|Any CPU
		{5DFD3752-6D60-905C-1763-48E8D27C78C1}.Debug|Any CPU.Build.0 = Debug|Any CPU
		{5DFD3752-6D60-905C-1763-48E8D27C78C1}.Release|Any CPU.ActiveCfg = Release|Any CPU
		{5DFD3752-6D60-905C-1763-48E8D27C78C1}.Release|Any CPU.Build.0 = Release|Any CPU
		{D1F0EC7A-B2BE-3467-2140-B7072416C9C9}.Debug|Any CPU.ActiveCfg = Debug|Any CPU
		{D1F0EC7A-B2BE-3467-2140-B7072416C9C9}.Debug|Any CPU.Build.0 = Debug|Any CPU
		{D1F0EC7A-B2BE-3467-2140-B7072416C9C9}.Release|Any CPU.ActiveCfg = Release|Any CPU
		{D1F0EC7A-B2BE-3467-2140-B7072416C9C9}.Release|Any CPU.Build.0 = Release|Any CPU
	EndGlobalSection
	GlobalSection(SolutionProperties) = preSolution
		HideSolutionNode = FALSE
	EndGlobalSection
EndGlobal
